uuid: 7fdb4cab-4773-442a-a7fc-32db907b40ed
langcode: en
status: true
dependencies:
  module:
    - social_event
    - system
  theme:
    - themes_overrides
_core:
  default_config_hash: pOz-j9GCewa6cTdNbFqnt20dPt-rruPLZUcGw22Xc24
id: themes_overrides_event_add_block
theme: themes_overrides
region: sidebar_first
weight: -99
provider: null
plugin: event_add_block
settings:
  id: event_add_block
  label: 'Event add block'
  provider: social_event
  label_display: '0'
visibility:
  request_path:
    id: request_path
    pages: '/user/*/events'
    negate: false
    context_mapping: {  }
