uuid: abdaeb35-1001-4cb1-8680-95246f7adb5d
langcode: en
status: true
dependencies:
  module:
    - social_post_photo
    - system
  theme:
    - socialblue
id: postphotoblock
theme: socialblue
region: content
weight: 0
provider: null
plugin: post_photo_block
settings:
  id: post_photo_block
  label: 'Post photo block'
  provider: social_post_photo
  label_display: '0'
visibility:
  request_path:
    id: request_path
    pages: "/stream\r\n/"
    negate: false
    context_mapping: {  }
