uuid: 6162fb5b-21ea-46b8-97ad-3c6b40bad999
langcode: en
status: true
dependencies:
  module:
    - rich_post
    - system
  theme:
    - socialblue
_core:
  default_config_hash: uhTbJZD_T77aFWEbvCvoB5D-8SDDDASliOPE7Bjq99M
id: richpostmodalblock
theme: socialblue
region: content
weight: -23
provider: null
plugin: rich_post_modal_block
settings:
  id: rich_post_modal_block
  label: 'Rich post modal block'
  provider: rich_post
  label_display: '0'
visibility:
  request_path:
    id: request_path
    pages: "/stream\r\n/"
    negate: false
    context_mapping: {  }
