uuid: c4f3dbc3-88aa-45a9-84d8-b45085b85b2c
langcode: en
status: true
dependencies:
  module:
    - rich_post
    - system
  theme:
    - socialblue
_core:
  default_config_hash: egZgIqStx4O5ajpegwHCSQsKV1W5yueJqezUDI2ZdC8
id: richpostongroupmodalblock
theme: socialblue
region: content
weight: -22
provider: null
plugin: rich_post_group_modal_block
settings:
  id: rich_post_group_modal_block
  label: 'Rich post on group modal block'
  provider: rich_post
  label_display: '0'
visibility:
  request_path:
    id: request_path
    pages: '/group/*/stream'
    negate: false
    context_mapping: {  }
