uuid: f22a97e8-1dd6-4315-bdc1-b9b9f1c12fa3
langcode: en
status: true
dependencies:
  module:
    - rich_post
    - system
  theme:
    - socialblue
_core:
  default_config_hash: S6XJ5VVXA-h05JI9oobTs2fo_cQFT8TMpd2nJH47A9A
id: richpostonprofilemodalblock
theme: socialblue
region: content
weight: -21
provider: null
plugin: rich_post_profile_modal_block
settings:
  id: rich_post_profile_modal_block
  label: 'Rich post on profile modal block'
  provider: rich_post
  label_display: '0'
visibility:
  request_path:
    id: request_path
    pages: '/user/*/stream'
    negate: false
    context_mapping: {  }
