uuid: 536d7237-e33f-49a1-a8ed-9a36dc5e6179
langcode: en
status: true
dependencies:
  module:
    - social_post_photo
    - system
  theme:
    - socialblue
id: postphotoongroupblock
theme: socialblue
region: content
weight: 0
provider: null
plugin: post_photo_group_block
settings:
  id: post_photo_group_block
  label: 'Post photo on group block'
  provider: social_post_photo
  label_display: '0'
visibility:
  request_path:
    id: request_path
    pages: '/group/*/stream'
    negate: false
    context_mapping: {  }
