uuid: 94ef6f30-2111-48bc-ab1e-eae3332d2044
langcode: en
status: true
dependencies:
  module:
    - social_event
    - system
  theme:
    - domafrikiblue
_core:
  default_config_hash: pOz-j9GCewa6cTdNbFqnt20dPt-rruPLZUcGw22Xc24
id: domafrikiblue_event_add_block
theme: domafrikiblue
region: complementary_top
weight: -99
provider: null
plugin: event_add_block
settings:
  id: event_add_block
  label: 'Event add block'
  provider: social_event
  label_display: '0'
visibility:
  request_path:
    id: request_path
    pages: '/user/*/events'
    negate: false
    context_mapping: {  }
